// !$*UTF8*$!
{
	archiveVersion = 1;
	classes = {
	};
	objectVersion = 54;
	objects = {

/* Begin PBXBuildFile section */
		02F741416EE3FFB73567187B /* AgentLiveActivity.appex in Embed App Extensions */ = {isa = PBXBuildFile; fileRef = B2E43AB9E5565697BD14FB52 /* AgentLiveActivity.appex */; settings = {ATTRIBUTES = (CodeSignOnCopy, RemoveHeadersOnCopy, ); }; };
		0C80B921A6F3F58F76C31292 /* libPods-Zerox1.a in Frameworks */ = {isa = PBXBuildFile; fileRef = 5DCACB8F33CDC322A6C60F78 /* libPods-Zerox1.a */; };
		126FB9DF5CF77F675C422F09 /* AgentActivityAttributes.swift in Sources */ = {isa = PBXBuildFile; fileRef = F4CAFA556FD375B01ABED08C /* AgentActivityAttributes.swift */; };
		13B07FBF1A68108700A75B9A /* Images.xcassets in Resources */ = {isa = PBXBuildFile; fileRef = 13B07FB51A68108700A75B9A /* Images.xcassets */; };
		14EBEEF99727D29A5DF88FBA /* AgentLiveActivityWidget.swift in Sources */ = {isa = PBXBuildFile; fileRef = A3BF63FA157470ED68650961 /* AgentLiveActivityWidget.swift */; };
		1CD7A0E06E178AE5CC90B21D /* NodeModule.swift in Sources */ = {isa = PBXBuildFile; fileRef = 3EA256395453117520E83C4E /* NodeModule.swift */; };
		36B6D1602F851C080069A429 /* NodeService.swift in Sources */ = {isa = PBXBuildFile; fileRef = 36B6D15F2F851C080069A429 /* NodeService.swift */; };
		36B8E4A22F7BD7440027B81C /* KeychainHelper.swift in Sources */ = {isa = PBXBuildFile; fileRef = 36B8E4A12F7BD7440027B81C /* KeychainHelper.swift */; };
		36B8E4A32F7BD7440027B81C /* KeepAliveService.swift in Sources */ = {isa = PBXBuildFile; fileRef = 36B8E4A02F7BD7440027B81C /* KeepAliveService.swift */; };
		36B8E4A72F7BD75D0027B81C /* VoIPPushHandler.swift in Sources */ = {isa = PBXBuildFile; fileRef = 36B8E4A62F7BD75D0027B81C /* VoIPPushHandler.swift */; };
		36B8E4AA2F7BE6EA0027B81C /* zeroclaw.xcframework in Frameworks */ = {isa = PBXBuildFile; fileRef = 36B8E4A82F7BE6EA0027B81C /* zeroclaw.xcframework */; };
		36B8E4AB2F7BE6EA0027B81C /* zerox1_node.xcframework in Frameworks */ = {isa = PBXBuildFile; fileRef = 36B8E4A92F7BE6EA0027B81C /* zerox1_node.xcframework */; };
		36CC11732F8F7FCF0060E784 /* agent_working_rain.caf in Resources */ = {isa = PBXBuildFile; fileRef = 36CC11722F8F7FCF0060E784 /* agent_working_rain.caf */; };
		36CC11742F8F7FCF0060E784 /* agent_working_keyboard.caf in Resources */ = {isa = PBXBuildFile; fileRef = 36CC116F2F8F7FCF0060E784 /* agent_working_keyboard.caf */; };
		36CC11752F8F7FCF0060E784 /* agent_working_ocean.caf in Resources */ = {isa = PBXBuildFile; fileRef = 36CC11702F8F7FCF0060E784 /* agent_working_ocean.caf */; };
		36CC11762F8F7FCF0060E784 /* agent_working_page_flip.caf in Resources */ = {isa = PBXBuildFile; fileRef = 36CC11712F8F7FCF0060E784 /* agent_working_page_flip.caf */; };
		4F7EC391718FDF0151084100 /* WidgetKit.framework in Frameworks */ = {isa = PBXBuildFile; fileRef = F07CD60D3899F110C3116EDD /* WidgetKit.framework */; };
		5B9EDEB4D27FE7BFED04892F /* NodeModule.m in Sources */ = {isa = PBXBuildFile; fileRef = DAE439B5904AE2568F56B4A6 /* NodeModule.m */; };
		5E6EC2BAA38A2CD971E93D57 /* Foundation.framework in Frameworks */ = {isa = PBXBuildFile; fileRef = 02120E462774CA25D8332E11 /* Foundation.framework */; };
		63C4A7F5242ACB52D66D39C7 /* SwiftUI.framework in Frameworks */ = {isa = PBXBuildFile; fileRef = 161B96D7A68B673A14759537 /* SwiftUI.framework */; };
		761780ED2CA45674006654EE /* AppDelegate.swift in Sources */ = {isa = PBXBuildFile; fileRef = 761780EC2CA45674006654EE /* AppDelegate.swift */; };
		7FE5AD23CF15EF3626529497 /* PrivacyInfo.xcprivacy in Resources */ = {isa = PBXBuildFile; fileRef = 13B07FB81A68108700A75B9A /* PrivacyInfo.xcprivacy */; };
		81AB9BB82411601600AC10FF /* LaunchScreen.storyboard in Resources */ = {isa = PBXBuildFile; fileRef = 81AB9BB72411601600AC10FF /* LaunchScreen.storyboard */; };
		9232C113DE327443394DD71D /* PhoneBridgeServer.swift in Sources */ = {isa = PBXBuildFile; fileRef = 0F298562DDC8460C3B204C25 /* PhoneBridgeServer.swift */; };
		A3F2D8C14E7B0A512C8D9E3F /* SOUL.md in Resources */ = {isa = PBXBuildFile; fileRef = A3F2D8C04E7B0A512C8D9E3F /* SOUL.md */; };
		B7E9D2A13F5C8B047E621D94 /* LiveActivityBridge.swift in Sources */ = {isa = PBXBuildFile; fileRef = A1C3F8D02E4B7A910F563C82 /* LiveActivityBridge.swift */; };
		D8A1B5C02F7E3D946C812E57 /* HealthWakeService.swift in Sources */ = {isa = PBXBuildFile; fileRef = C4F2A6E31D8B0C759A347F15 /* HealthWakeService.swift */; };
		DB8E1C601171948C35BE49EC /* AgentLiveActivityBundle.swift in Sources */ = {isa = PBXBuildFile; fileRef = C056054B861C2DFEFF678EFF /* AgentLiveActivityBundle.swift */; };
		F6B0C4C8F0D0AD0C71338F4D /* AgentActivityAttributes.swift in Sources */ = {isa = PBXBuildFile; fileRef = 1C154321A26B7A16B0676438 /* AgentActivityAttributes.swift */; };
/* End PBXBuildFile section */

/* Begin PBXContainerItemProxy section */
		01F19D58AFB64F5ED0B01800 /* PBXContainerItemProxy */ = {
			isa = PBXContainerItemProxy;
			containerPortal = 83CBB9F71A601CBA00E9B192 /* Project object */;
			proxyType = 1;
			remoteGlobalIDString = 2ADD95277E5EC0F0F6877A6D;
			remoteInfo = AgentLiveActivity;
		};
/* End PBXContainerItemProxy section */

/* Begin PBXCopyFilesBuildPhase section */
		B511D4900007F29F7FFB859B /* Embed App Extensions */ = {
			isa = PBXCopyFilesBuildPhase;
			buildActionMask = 2147483647;
			dstPath = "";
			dstSubfolderSpec = 13;
			files = (
				02F741416EE3FFB73567187B /* AgentLiveActivity.appex in Embed App Extensions */,
			);
			name = "Embed App Extensions";
			runOnlyForDeploymentPostprocessing = 0;
		};
/* End PBXCopyFilesBuildPhase section */

/* Begin PBXFileReference section */
		02120E462774CA25D8332E11 /* Foundation.framework */ = {isa = PBXFileReference; lastKnownFileType = wrapper.framework; name = Foundation.framework; path = Platforms/iPhoneOS.platform/Developer/SDKs/iPhoneOS18.0.sdk/System/Library/Frameworks/Foundation.framework; sourceTree = DEVELOPER_DIR; };
		0F298562DDC8460C3B204C25 /* PhoneBridgeServer.swift */ = {isa = PBXFileReference; includeInIndex = 1; lastKnownFileType = sourcecode.swift; path = Zerox1/PhoneBridgeServer.swift; sourceTree = "<group>"; };
		13B07F961A680F5B00A75B9A /* Zerox1.app */ = {isa = PBXFileReference; explicitFileType = wrapper.application; includeInIndex = 0; path = Zerox1.app; sourceTree = BUILT_PRODUCTS_DIR; };
		13B07FB51A68108700A75B9A /* Images.xcassets */ = {isa = PBXFileReference; lastKnownFileType = folder.assetcatalog; name = Images.xcassets; path = Zerox1/Images.xcassets; sourceTree = "<group>"; };
		13B07FB61A68108700A75B9A /* Info.plist */ = {isa = PBXFileReference; fileEncoding = 4; lastKnownFileType = text.plist.xml; name = Info.plist; path = Zerox1/Info.plist; sourceTree = "<group>"; };
		13B07FB81A68108700A75B9A /* PrivacyInfo.xcprivacy */ = {isa = PBXFileReference; fileEncoding = 4; lastKnownFileType = text.plist.xml; name = PrivacyInfo.xcprivacy; path = Zerox1/PrivacyInfo.xcprivacy; sourceTree = "<group>"; };
		1573EC863AF82503E60AD0F4 /* AgentLiveActivity.entitlements */ = {isa = PBXFileReference; includeInIndex = 1; lastKnownFileType = text.plist.entitlements; path = AgentLiveActivity.entitlements; sourceTree = "<group>"; };
		161B96D7A68B673A14759537 /* SwiftUI.framework */ = {isa = PBXFileReference; lastKnownFileType = wrapper.framework; name = SwiftUI.framework; path = System/Library/Frameworks/SwiftUI.framework; sourceTree = SDKROOT; };
		1C154321A26B7A16B0676438 /* AgentActivityAttributes.swift */ = {isa = PBXFileReference; includeInIndex = 1; lastKnownFileType = sourcecode.swift; path = AgentLiveActivity/AgentActivityAttributes.swift; sourceTree = "<group>"; };
		36B6D15F2F851C080069A429 /* NodeService.swift */ = {isa = PBXFileReference; lastKnownFileType = sourcecode.swift; path = Zerox1/NodeService.swift; sourceTree = SOURCE_ROOT; };
		36B8E4A02F7BD7440027B81C /* KeepAliveService.swift */ = {isa = PBXFileReference; lastKnownFileType = sourcecode.swift; path = Zerox1/KeepAliveService.swift; sourceTree = "<group>"; };
		36B8E4A12F7BD7440027B81C /* KeychainHelper.swift */ = {isa = PBXFileReference; lastKnownFileType = sourcecode.swift; path = Zerox1/KeychainHelper.swift; sourceTree = "<group>"; };
		36B8E4A62F7BD75D0027B81C /* VoIPPushHandler.swift */ = {isa = PBXFileReference; lastKnownFileType = sourcecode.swift; path = Zerox1/VoIPPushHandler.swift; sourceTree = "<group>"; };
		36B8E4A82F7BE6EA0027B81C /* zeroclaw.xcframework */ = {isa = PBXFileReference; lastKnownFileType = wrapper.xcframework; name = zeroclaw.xcframework; path = libs/zeroclaw.xcframework; sourceTree = "<group>"; };
		36B8E4A92F7BE6EA0027B81C /* zerox1_node.xcframework */ = {isa = PBXFileReference; lastKnownFileType = wrapper.xcframework; name = zerox1_node.xcframework; path = libs/zerox1_node.xcframework; sourceTree = "<group>"; };
		36CC116D2F8682F00060E784 /* Zerox1.entitlements */ = {isa = PBXFileReference; lastKnownFileType = text.plist.entitlements; name = Zerox1.entitlements; path = Zerox1/Zerox1.entitlements; sourceTree = "<group>"; };
		36CC116F2F8F7FCF0060E784 /* agent_working_keyboard.caf */ = {isa = PBXFileReference; lastKnownFileType = file; path = agent_working_keyboard.caf; sourceTree = "<group>"; };
		36CC11702F8F7FCF0060E784 /* agent_working_ocean.caf */ = {isa = PBXFileReference; lastKnownFileType = file; path = agent_working_ocean.caf; sourceTree = "<group>"; };
		36CC11712F8F7FCF0060E784 /* agent_working_page_flip.caf */ = {isa = PBXFileReference; lastKnownFileType = file; path = agent_working_page_flip.caf; sourceTree = "<group>"; };
		36CC11722F8F7FCF0060E784 /* agent_working_rain.caf */ = {isa = PBXFileReference; lastKnownFileType = file; path = agent_working_rain.caf; sourceTree = "<group>"; };
		3B4392A12AC88292D35C810B /* Pods-Zerox1.debug.xcconfig */ = {isa = PBXFileReference; includeInIndex = 1; lastKnownFileType = text.xcconfig; name = "Pods-Zerox1.debug.xcconfig"; path = "Target Support Files/Pods-Zerox1/Pods-Zerox1.debug.xcconfig"; sourceTree = "<group>"; };
		3EA256395453117520E83C4E /* NodeModule.swift */ = {isa = PBXFileReference; includeInIndex = 1; lastKnownFileType = sourcecode.swift; path = Zerox1/NodeModule.swift; sourceTree = "<group>"; };
		4DD2853B2BB537176BB6DB0F /* AgentIntents.swift */ = {isa = PBXFileReference; includeInIndex = 1; lastKnownFileType = sourcecode.swift; path = Zerox1/AgentIntents.swift; sourceTree = "<group>"; };
		5709B34CF0A7D63546082F79 /* Pods-Zerox1.release.xcconfig */ = {isa = PBXFileReference; includeInIndex = 1; lastKnownFileType = text.xcconfig; name = "Pods-Zerox1.release.xcconfig"; path = "Target Support Files/Pods-Zerox1/Pods-Zerox1.release.xcconfig"; sourceTree = "<group>"; };
		5DCACB8F33CDC322A6C60F78 /* libPods-Zerox1.a */ = {isa = PBXFileReference; explicitFileType = archive.ar; includeInIndex = 0; path = "libPods-Zerox1.a"; sourceTree = BUILT_PRODUCTS_DIR; };
		761780EC2CA45674006654EE /* AppDelegate.swift */ = {isa = PBXFileReference; lastKnownFileType = sourcecode.swift; name = AppDelegate.swift; path = Zerox1/AppDelegate.swift; sourceTree = "<group>"; };
		81AB9BB72411601600AC10FF /* LaunchScreen.storyboard */ = {isa = PBXFileReference; fileEncoding = 4; lastKnownFileType = file.storyboard; name = LaunchScreen.storyboard; path = Zerox1/LaunchScreen.storyboard; sourceTree = "<group>"; };
		A1C3F8D02E4B7A910F563C82 /* LiveActivityBridge.swift */ = {isa = PBXFileReference; lastKnownFileType = sourcecode.swift; path = Zerox1/LiveActivityBridge.swift; sourceTree = "<group>"; };
		A3BF63FA157470ED68650961 /* AgentLiveActivityWidget.swift */ = {isa = PBXFileReference; includeInIndex = 1; lastKnownFileType = sourcecode.swift; path = AgentLiveActivityWidget.swift; sourceTree = "<group>"; };
		A3F2D8C04E7B0A512C8D9E3F /* SOUL.md */ = {isa = PBXFileReference; fileEncoding = 4; lastKnownFileType = net.daringfireball.markdown; name = SOUL.md; path = Zerox1/SOUL.md; sourceTree = "<group>"; };
		B2E43AB9E5565697BD14FB52 /* AgentLiveActivity.appex */ = {isa = PBXFileReference; explicitFileType = "wrapper.app-extension"; includeInIndex = 0; path = AgentLiveActivity.appex; sourceTree = BUILT_PRODUCTS_DIR; };
		C056054B861C2DFEFF678EFF /* AgentLiveActivityBundle.swift */ = {isa = PBXFileReference; includeInIndex = 1; lastKnownFileType = sourcecode.swift; path = AgentLiveActivityBundle.swift; sourceTree = "<group>"; };
		C4F2A6E31D8B0C759A347F15 /* HealthWakeService.swift */ = {isa = PBXFileReference; lastKnownFileType = sourcecode.swift; path = Zerox1/HealthWakeService.swift; sourceTree = "<group>"; };
		C8D78145E5EAE976AB95CF75 /* Info.plist */ = {isa = PBXFileReference; includeInIndex = 1; lastKnownFileType = text.plist.xml; path = Info.plist; sourceTree = "<group>"; };
		DAE439B5904AE2568F56B4A6 /* NodeModule.m */ = {isa = PBXFileReference; includeInIndex = 1; lastKnownFileType = sourcecode.c.objc; path = Zerox1/NodeModule.m; sourceTree = "<group>"; };
		ED297162215061F000B7C4FE /* JavaScriptCore.framework */ = {isa = PBXFileReference; lastKnownFileType = wrapper.framework; name = JavaScriptCore.framework; path = System/Library/Frameworks/JavaScriptCore.framework; sourceTree = SDKROOT; };
		F07CD60D3899F110C3116EDD /* WidgetKit.framework */ = {isa = PBXFileReference; lastKnownFileType = wrapper.framework; name = WidgetKit.framework; path = System/Library/Frameworks/WidgetKit.framework; sourceTree = SDKROOT; };
		F4CAFA556FD375B01ABED08C /* AgentActivityAttributes.swift */ = {isa = PBXFileReference; includeInIndex = 1; lastKnownFileType = sourcecode.swift; path = AgentActivityAttributes.swift; sourceTree = "<group>"; };
/* End PBXFileReference section */

/* Begin PBXFrameworksBuildPhase section */
		13B07F8C1A680F5B00A75B9A /* Frameworks */ = {
			isa = PBXFrameworksBuildPhase;
			buildActionMask = 2147483647;
			files = (
				36B8E4AA2F7BE6EA0027B81C /* zeroclaw.xcframework in Frameworks */,
				36B8E4AB2F7BE6EA0027B81C /* zerox1_node.xcframework in Frameworks */,
				0C80B921A6F3F58F76C31292 /* libPods-Zerox1.a in Frameworks */,
			);
			runOnlyForDeploymentPostprocessing = 0;
		};
		E5C303BB2C043A4D0D3492B1 /* Frameworks */ = {
			isa = PBXFrameworksBuildPhase;
			buildActionMask = 2147483647;
			files = (
				5E6EC2BAA38A2CD971E93D57 /* Foundation.framework in Frameworks */,
				4F7EC391718FDF0151084100 /* WidgetKit.framework in Frameworks */,
				63C4A7F5242ACB52D66D39C7 /* SwiftUI.framework in Frameworks */,
			);
			runOnlyForDeploymentPostprocessing = 0;
		};
/* End PBXFrameworksBuildPhase section */

/* Begin PBXGroup section */
		13B07FAE1A68108700A75B9A /* Zerox1 */ = {
			isa = PBXGroup;
			children = (
				36CC116F2F8F7FCF0060E784 /* agent_working_keyboard.caf */,
				36CC11702F8F7FCF0060E784 /* agent_working_ocean.caf */,
				36CC11712F8F7FCF0060E784 /* agent_working_page_flip.caf */,
				36CC11722F8F7FCF0060E784 /* agent_working_rain.caf */,
				36CC116D2F8682F00060E784 /* Zerox1.entitlements */,
				36B6D15F2F851C080069A429 /* NodeService.swift */,
				36B8E4A62F7BD75D0027B81C /* VoIPPushHandler.swift */,
				36B8E4A02F7BD7440027B81C /* KeepAliveService.swift */,
				A1C3F8D02E4B7A910F563C82 /* LiveActivityBridge.swift */,
				C4F2A6E31D8B0C759A347F15 /* HealthWakeService.swift */,
				36B8E4A12F7BD7440027B81C /* KeychainHelper.swift */,
				13B07FB51A68108700A75B9A /* Images.xcassets */,
				761780EC2CA45674006654EE /* AppDelegate.swift */,
				13B07FB61A68108700A75B9A /* Info.plist */,
				81AB9BB72411601600AC10FF /* LaunchScreen.storyboard */,
				13B07FB81A68108700A75B9A /* PrivacyInfo.xcprivacy */,
				A3F2D8C04E7B0A512C8D9E3F /* SOUL.md */,
				0F298562DDC8460C3B204C25 /* PhoneBridgeServer.swift */,
				3EA256395453117520E83C4E /* NodeModule.swift */,
				DAE439B5904AE2568F56B4A6 /* NodeModule.m */,
				4DD2853B2BB537176BB6DB0F /* AgentIntents.swift */,
				1C154321A26B7A16B0676438 /* AgentActivityAttributes.swift */,
			);
			name = Zerox1;
			sourceTree = "<group>";
		};
		2D16E6871FA4F8E400B85C8A /* Frameworks */ = {
			isa = PBXGroup;
			children = (
				36B8E4A82F7BE6EA0027B81C /* zeroclaw.xcframework */,
				36B8E4A92F7BE6EA0027B81C /* zerox1_node.xcframework */,
				ED297162215061F000B7C4FE /* JavaScriptCore.framework */,
				5DCACB8F33CDC322A6C60F78 /* libPods-Zerox1.a */,
				B4B3C81A3DAD701914988788 /* iOS */,
				F07CD60D3899F110C3116EDD /* WidgetKit.framework */,
				161B96D7A68B673A14759537 /* SwiftUI.framework */,
			);
			name = Frameworks;
			sourceTree = "<group>";
		};
		832341AE1AAA6A7D00B99B32 /* Libraries */ = {
			isa = PBXGroup;
			children = (
			);
			name = Libraries;
			sourceTree = "<group>";
		};
		83CBB9F61A601CBA00E9B192 = {
			isa = PBXGroup;
			children = (
				13B07FAE1A68108700A75B9A /* Zerox1 */,
				832341AE1AAA6A7D00B99B32 /* Libraries */,
				83CBBA001A601CBA00E9B192 /* Products */,
				2D16E6871FA4F8E400B85C8A /* Frameworks */,
				BBD78D7AC51CEA395F1C20DB /* Pods */,
				C2D9C43D985D7AD4CC5F3744 /* AgentLiveActivity */,
			);
			indentWidth = 2;
			sourceTree = "<group>";
			tabWidth = 2;
			usesTabs = 0;
		};
		83CBBA001A601CBA00E9B192 /* Products */ = {
			isa = PBXGroup;
			children = (
				13B07F961A680F5B00A75B9A /* Zerox1.app */,
				B2E43AB9E5565697BD14FB52 /* AgentLiveActivity.appex */,
			);
			name = Products;
			sourceTree = "<group>";
		};
		B4B3C81A3DAD701914988788 /* iOS */ = {
			isa = PBXGroup;
			children = (
				02120E462774CA25D8332E11 /* Foundation.framework */,
			);
			name = iOS;
			sourceTree = "<group>";
		};
		BBD78D7AC51CEA395F1C20DB /* Pods */ = {
			isa = PBXGroup;
			children = (
				3B4392A12AC88292D35C810B /* Pods-Zerox1.debug.xcconfig */,
				5709B34CF0A7D63546082F79 /* Pods-Zerox1.release.xcconfig */,
			);
			path = Pods;
			sourceTree = "<group>";
		};
		C2D9C43D985D7AD4CC5F3744 /* AgentLiveActivity */ = {
			isa = PBXGroup;
			children = (
				F4CAFA556FD375B01ABED08C /* AgentActivityAttributes.swift */,
				A3BF63FA157470ED68650961 /* AgentLiveActivityWidget.swift */,
				C056054B861C2DFEFF678EFF /* AgentLiveActivityBundle.swift */,
				C8D78145E5EAE976AB95CF75 /* Info.plist */,
				1573EC863AF82503E60AD0F4 /* AgentLiveActivity.entitlements */,
			);
			path = AgentLiveActivity;
			sourceTree = "<group>";
		};
/* End PBXGroup section */

/* Begin PBXNativeTarget section */
		13B07F861A680F5B00A75B9A /* Zerox1 */ = {
			isa = PBXNativeTarget;
			buildConfigurationList = 13B07F931A680F5B00A75B9A /* Build configuration list for PBXNativeTarget "Zerox1" */;
			buildPhases = (
				C38B50BA6285516D6DCD4F65 /* [CP] Check Pods Manifest.lock */,
				13B07F871A680F5B00A75B9A /* Sources */,
				13B07F8C1A680F5B00A75B9A /* Frameworks */,
				13B07F8E1A680F5B00A75B9A /* Resources */,
				00DD1BFF1BD5951E006B06BC /* Bundle React Native code and images */,
				00EEFC60759A1932668264C0 /* [CP] Embed Pods Frameworks */,
				E235C05ADACE081382539298 /* [CP] Copy Pods Resources */,
				B511D4900007F29F7FFB859B /* Embed App Extensions */,
				A1B2C3D4E5F6A7B8C9D0E1F2 /* Extract RN Framework dSYMs */,
				F67FA2D9F5326A76EFEA8E25 /* Patch hermesvm MinimumOSVersion */,
			);
			buildRules = (
			);
			dependencies = (
				F22A91638BD576A6766EF122 /* PBXTargetDependency */,
			);
			name = Zerox1;
			productName = Zerox1;
			productReference = 13B07F961A680F5B00A75B9A /* Zerox1.app */;
			productType = "com.apple.product-type.application";
		};
		2ADD95277E5EC0F0F6877A6D /* AgentLiveActivity */ = {
			isa = PBXNativeTarget;
			buildConfigurationList = 7B2B29D30E268A1F5E9FFCD7 /* Build configuration list for PBXNativeTarget "AgentLiveActivity" */;
			buildPhases = (
				D7ABD2E1846F5125078A33A7 /* Sources */,
				E5C303BB2C043A4D0D3492B1 /* Frameworks */,
				00D71570EB7C1E52C7D603C3 /* Resources */,
			);
			buildRules = (
			);
			dependencies = (
			);
			name = AgentLiveActivity;
			productName = AgentLiveActivity;
			productReference = B2E43AB9E5565697BD14FB52 /* AgentLiveActivity.appex */;
			productType = "com.apple.product-type.app-extension";
		};
/* End PBXNativeTarget section */

/* Begin PBXProject section */
		83CBB9F71A601CBA00E9B192 /* Project object */ = {
			isa = PBXProject;
			attributes = {
				LastUpgradeCheck = 1210;
				TargetAttributes = {
					13B07F861A680F5B00A75B9A = {
						LastSwiftMigration = 1120;
					};
				};
			};
			buildConfigurationList = 83CBB9FA1A601CBA00E9B192 /* Build configuration list for PBXProject "Zerox1" */;
			compatibilityVersion = "Xcode 12.0";
			developmentRegion = en;
			hasScannedForEncodings = 0;
			knownRegions = (
				en,
				Base,
			);
			mainGroup = 83CBB9F61A601CBA00E9B192;
			productRefGroup = 83CBBA001A601CBA00E9B192 /* Products */;
			projectDirPath = "";
			projectRoot = "";
			targets = (
				13B07F861A680F5B00A75B9A /* Zerox1 */,
				2ADD95277E5EC0F0F6877A6D /* AgentLiveActivity */,
			);
		};
/* End PBXProject section */

/* Begin PBXResourcesBuildPhase section */
		00D71570EB7C1E52C7D603C3 /* Resources */ = {
			isa = PBXResourcesBuildPhase;
			buildActionMask = 2147483647;
			files = (
			);
			runOnlyForDeploymentPostprocessing = 0;
		};
		13B07F8E1A680F5B00A75B9A /* Resources */ = {
			isa = PBXResourcesBuildPhase;
			buildActionMask = 2147483647;
			files = (
				81AB9BB82411601600AC10FF /* LaunchScreen.storyboard in Resources */,
				13B07FBF1A68108700A75B9A /* Images.xcassets in Resources */,
				7FE5AD23CF15EF3626529497 /* PrivacyInfo.xcprivacy in Resources */,
				36CC11732F8F7FCF0060E784 /* agent_working_rain.caf in Resources */,
				36CC11742F8F7FCF0060E784 /* agent_working_keyboard.caf in Resources */,
				36CC11752F8F7FCF0060E784 /* agent_working_ocean.caf in Resources */,
				36CC11762F8F7FCF0060E784 /* agent_working_page_flip.caf in Resources */,
				A3F2D8C14E7B0A512C8D9E3F /* SOUL.md in Resources */,
			);
			runOnlyForDeploymentPostprocessing = 0;
		};
/* End PBXResourcesBuildPhase section */

/* Begin PBXShellScriptBuildPhase section */
		00DD1BFF1BD5951E006B06BC /* Bundle React Native code and images */ = {
			isa = PBXShellScriptBuildPhase;
			buildActionMask = 2147483647;
			files = (
			);
			inputPaths = (
				"$(SRCROOT)/.xcode.env.local",
				"$(SRCROOT)/.xcode.env",
			);
			name = "Bundle React Native code and images";
			outputPaths = (
			);
			runOnlyForDeploymentPostprocessing = 0;
			shellPath = /bin/sh;
			shellScript = "set -e\n\nWITH_ENVIRONMENT=\"$REACT_NATIVE_PATH/scripts/xcode/with-environment.sh\"\nREACT_NATIVE_XCODE=\"$REACT_NATIVE_PATH/scripts/react-native-xcode.sh\"\n\n/bin/sh -c \"\\\"$WITH_ENVIRONMENT\\\" \\\"$REACT_NATIVE_XCODE\\\"\"\n";
		};
		00EEFC60759A1932668264C0 /* [CP] Embed Pods Frameworks */ = {
			isa = PBXShellScriptBuildPhase;
			buildActionMask = 2147483647;
			files = (
			);
			inputFileListPaths = (
				"${PODS_ROOT}/Target Support Files/Pods-Zerox1/Pods-Zerox1-frameworks-${CONFIGURATION}-input-files.xcfilelist",
			);
			name = "[CP] Embed Pods Frameworks";
			outputFileListPaths = (
				"${PODS_ROOT}/Target Support Files/Pods-Zerox1/Pods-Zerox1-frameworks-${CONFIGURATION}-output-files.xcfilelist",
			);
			runOnlyForDeploymentPostprocessing = 0;
			shellPath = /bin/sh;
			shellScript = "\"${PODS_ROOT}/Target Support Files/Pods-Zerox1/Pods-Zerox1-frameworks.sh\"\n";
			showEnvVarsInLog = 0;
		};
		A1B2C3D4E5F6A7B8C9D0E1F2 /* Extract RN Framework dSYMs */ = {
			isa = PBXShellScriptBuildPhase;
			buildActionMask = 2147483647;
			files = (
			);
			inputPaths = (
			);
			name = "Extract RN Framework dSYMs";
			outputPaths = (
			);
			runOnlyForDeploymentPostprocessing = 1;
			shellPath = /bin/sh;
			shellScript = "# Extract dSYMs for Hermes and ReactNativeDependencies frameworks\n# These are embedded frameworks whose dSYMs are not automatically extracted by Xcode.\n# Runs only during archive (DEPLOYMENT_POSTPROCESSING=YES).\nset -e\n\nif [ \"${DEPLOYMENT_POSTPROCESSING}\" != \"YES\" ]; then\n  exit 0\nfi\n\nDSYM_DIR=\"${DWARF_DSYM_FOLDER_PATH}\"\nmkdir -p \"${DSYM_DIR}\"\n\nextract_dsym() {\n  local fw_path=\"$1\"\n  local fw_name=$(basename \"${fw_path}\" .framework)\n  if [ -f \"${fw_path}/${fw_name}\" ]; then\n    echo \"Extracting dSYM for ${fw_name}\"\n    xcrun dsymutil \"${fw_path}/${fw_name}\" -o \"${DSYM_DIR}/${fw_name}.framework.dSYM\" 2>/dev/null || true\n  fi\n}\n\nextract_dsym \"${CODESIGNING_FOLDER_PATH}/Frameworks/hermes.framework\"\nextract_dsym \"${CODESIGNING_FOLDER_PATH}/Frameworks/hermesvm.framework\"\nextract_dsym \"${CODESIGNING_FOLDER_PATH}/Frameworks/ReactNativeDependencies.framework\"\n";
			showEnvVarsInLog = 0;
		};
		C38B50BA6285516D6DCD4F65 /* [CP] Check Pods Manifest.lock */ = {
			isa = PBXShellScriptBuildPhase;
			buildActionMask = 2147483647;
			files = (
			);
			inputFileListPaths = (
			);
			inputPaths = (
				"${PODS_PODFILE_DIR_PATH}/Podfile.lock",
				"${PODS_ROOT}/Manifest.lock",
			);
			name = "[CP] Check Pods Manifest.lock";
			outputFileListPaths = (
			);
			outputPaths = (
				"$(DERIVED_FILE_DIR)/Pods-Zerox1-checkManifestLockResult.txt",
			);
			runOnlyForDeploymentPostprocessing = 0;
			shellPath = /bin/sh;
			shellScript = "diff \"${PODS_PODFILE_DIR_PATH}/Podfile.lock\" \"${PODS_ROOT}/Manifest.lock\" > /dev/null\nif [ $? != 0 ] ; then\n    # print error to STDERR\n    echo \"error: The sandbox is not in sync with the Podfile.lock. Run 'pod install' or update your CocoaPods installation.\" >&2\n    exit 1\nfi\n# This output is used by Xcode 'outputs' to avoid re-running this script phase.\necho \"SUCCESS\" > \"${SCRIPT_OUTPUT_FILE_0}\"\n";
			showEnvVarsInLog = 0;
		};
		E235C05ADACE081382539298 /* [CP] Copy Pods Resources */ = {
			isa = PBXShellScriptBuildPhase;
			buildActionMask = 2147483647;
			files = (
			);
			inputFileListPaths = (
				"${PODS_ROOT}/Target Support Files/Pods-Zerox1/Pods-Zerox1-resources-${CONFIGURATION}-input-files.xcfilelist",
			);
			name = "[CP] Copy Pods Resources";
			outputFileListPaths = (
				"${PODS_ROOT}/Target Support Files/Pods-Zerox1/Pods-Zerox1-resources-${CONFIGURATION}-output-files.xcfilelist",
			);
			runOnlyForDeploymentPostprocessing = 0;
			shellPath = /bin/sh;
			shellScript = "\"${PODS_ROOT}/Target Support Files/Pods-Zerox1/Pods-Zerox1-resources.sh\"\n";
			showEnvVarsInLog = 0;
		};
		F67FA2D9F5326A76EFEA8E25 /* Patch hermesvm MinimumOSVersion */ = {
			isa = PBXShellScriptBuildPhase;
			buildActionMask = 2147483647;
			files = (
			);
			inputFileListPaths = (
			);
			inputPaths = (
			);
			name = "Patch hermesvm MinimumOSVersion";
			outputFileListPaths = (
			);
			outputPaths = (
			);
			runOnlyForDeploymentPostprocessing = 0;
			shellPath = /bin/sh;
			shellScript = "PLIST=\"${BUILT_PRODUCTS_DIR}/${FRAMEWORKS_FOLDER_PATH}/hermesvm.framework/Info.plist\"\nif [ -f \"$PLIST\" ]; then\n  /usr/libexec/PlistBuddy -c \"Add :MinimumOSVersion string 16.0\" \"$PLIST\" 2>/dev/null || /usr/libexec/PlistBuddy -c \"Set :MinimumOSVersion 16.0\" \"$PLIST\" 2>/dev/null || true\nfi\nexit 0\n";
		};
/* End PBXShellScriptBuildPhase section */

/* Begin PBXSourcesBuildPhase section */
		13B07F871A680F5B00A75B9A /* Sources */ = {
			isa = PBXSourcesBuildPhase;
			buildActionMask = 2147483647;
			files = (
				761780ED2CA45674006654EE /* AppDelegate.swift in Sources */,
				36B8E4A72F7BD75D0027B81C /* VoIPPushHandler.swift in Sources */,
				36B8E4A22F7BD7440027B81C /* KeychainHelper.swift in Sources */,
				36B8E4A32F7BD7440027B81C /* KeepAliveService.swift in Sources */,
				B7E9D2A13F5C8B047E621D94 /* LiveActivityBridge.swift in Sources */,
				D8A1B5C02F7E3D946C812E57 /* HealthWakeService.swift in Sources */,
				9232C113DE327443394DD71D /* PhoneBridgeServer.swift in Sources */,
				36B6D1602F851C080069A429 /* NodeService.swift in Sources */,
				1CD7A0E06E178AE5CC90B21D /* NodeModule.swift in Sources */,
				5B9EDEB4D27FE7BFED04892F /* NodeModule.m in Sources */,
				F6B0C4C8F0D0AD0C71338F4D /* AgentActivityAttributes.swift in Sources */,
			);
			runOnlyForDeploymentPostprocessing = 0;
		};
		D7ABD2E1846F5125078A33A7 /* Sources */ = {
			isa = PBXSourcesBuildPhase;
			buildActionMask = 2147483647;
			files = (
				126FB9DF5CF77F675C422F09 /* AgentActivityAttributes.swift in Sources */,
				14EBEEF99727D29A5DF88FBA /* AgentLiveActivityWidget.swift in Sources */,
				DB8E1C601171948C35BE49EC /* AgentLiveActivityBundle.swift in Sources */,
			);
			runOnlyForDeploymentPostprocessing = 0;
		};
/* End PBXSourcesBuildPhase section */

/* Begin PBXTargetDependency section */
		F22A91638BD576A6766EF122 /* PBXTargetDependency */ = {
			isa = PBXTargetDependency;
			name = AgentLiveActivity;
			target = 2ADD95277E5EC0F0F6877A6D /* AgentLiveActivity */;
			targetProxy = 01F19D58AFB64F5ED0B01800 /* PBXContainerItemProxy */;
		};
/* End PBXTargetDependency section */

/* Begin XCBuildConfiguration section */
		13B07F941A680F5B00A75B9A /* Debug */ = {
			isa = XCBuildConfiguration;
			baseConfigurationReference = 3B4392A12AC88292D35C810B /* Pods-Zerox1.debug.xcconfig */;
			buildSettings = {
				ASSETCATALOG_COMPILER_APPICON_NAME = AppIcon;
				CLANG_ENABLE_MODULES = YES;
				CODE_SIGN_ENTITLEMENTS = Zerox1/Zerox1.entitlements;
				CODE_SIGN_STYLE = Automatic;
				CURRENT_PROJECT_VERSION = 8;
				DEVELOPMENT_TEAM = 728D69ULX3;
				ENABLE_BITCODE = NO;
				INFOPLIST_FILE = Zerox1/Info.plist;
				IPHONEOS_DEPLOYMENT_TARGET = 15.1;
				LD_RUNPATH_SEARCH_PATHS = (
					"$(inherited)",
					"@executable_path/Frameworks",
				);
				LIBRARY_SEARCH_PATHS = (
					"$(SDKROOT)/usr/lib/swift",
					"$(inherited)",
					"\"${PODS_CONFIGURATION_BUILD_DIR}/RCTSwiftUI\"",
					"\"${PODS_CONFIGURATION_BUILD_DIR}/RCTSwiftUIWrapper\"",
					"\"${PODS_CONFIGURATION_BUILD_DIR}/RNCAsyncStorage\"",
					"\"${PODS_CONFIGURATION_BUILD_DIR}/RNKeychain\"",
					"\"${PODS_CONFIGURATION_BUILD_DIR}/RNLocalize\"",
					"\"${PODS_CONFIGURATION_BUILD_DIR}/RNSVG\"",
					"\"${PODS_CONFIGURATION_BUILD_DIR}/RNScreens\"",
					"\"${PODS_CONFIGURATION_BUILD_DIR}/RNSentry\"",
					"\"${PODS_CONFIGURATION_BUILD_DIR}/ReactAppDependencyProvider\"",
					"\"${PODS_CONFIGURATION_BUILD_DIR}/ReactCodegen\"",
					"\"${PODS_CONFIGURATION_BUILD_DIR}/Sentry\"",
					"\"${PODS_CONFIGURATION_BUILD_DIR}/react-native-cameraroll\"",
					"\"${PODS_CONFIGURATION_BUILD_DIR}/react-native-image-picker\"",
					"\"${PODS_CONFIGURATION_BUILD_DIR}/react-native-safe-area-context\"",
					"\"${PODS_CONFIGURATION_BUILD_DIR}/react-native-webview\"",
					"\"${TOOLCHAIN_DIR}/usr/lib/swift/${PLATFORM_NAME}\"",
					/usr/lib/swift,
				);
				MARKETING_VERSION = 0.7.1;
				OTHER_LDFLAGS = (
					"$(inherited)",
					"-ObjC",
					"-lc++",
					"-framework",
					SystemConfiguration,
					"-framework",
					Network,
					"-framework",
					Security,
				);
				PRODUCT_BUNDLE_IDENTIFIER = world.zerox1.01pilot;
				PRODUCT_NAME = Zerox1;
				PROVISIONING_PROFILE_SPECIFIER = "";
				SUPPORTED_PLATFORMS = "iphoneos iphonesimulator";
				SWIFT_OBJC_BRIDGING_HEADER = "Zerox1/Zerox1-Bridging-Header.h";
				SWIFT_OPTIMIZATION_LEVEL = "-Onone";
				SWIFT_VERSION = 5.0;
				TARGETED_DEVICE_FAMILY = "1,2";
				VERSIONING_SYSTEM = "apple-generic";
			};
			name = Debug;
		};
		13B07F951A680F5B00A75B9A /* Release */ = {
			isa = XCBuildConfiguration;
			baseConfigurationReference = 5709B34CF0A7D63546082F79 /* Pods-Zerox1.release.xcconfig */;
			buildSettings = {
				ASSETCATALOG_COMPILER_APPICON_NAME = AppIcon;
				CLANG_ENABLE_MODULES = YES;
				CODE_SIGN_ENTITLEMENTS = Zerox1/Zerox1.entitlements;
				CODE_SIGN_STYLE = Automatic;
				CURRENT_PROJECT_VERSION = 8;
				DEVELOPMENT_TEAM = 728D69ULX3;
				INFOPLIST_FILE = Zerox1/Info.plist;
				IPHONEOS_DEPLOYMENT_TARGET = 15.1;
				LD_RUNPATH_SEARCH_PATHS = (
					"$(inherited)",
					"@executable_path/Frameworks",
				);
				LIBRARY_SEARCH_PATHS = (
					"$(SDKROOT)/usr/lib/swift",
					"$(inherited)",
					"\"${PODS_CONFIGURATION_BUILD_DIR}/RCTSwiftUI\"",
					"\"${PODS_CONFIGURATION_BUILD_DIR}/RCTSwiftUIWrapper\"",
					"\"${PODS_CONFIGURATION_BUILD_DIR}/RNCAsyncStorage\"",
					"\"${PODS_CONFIGURATION_BUILD_DIR}/RNKeychain\"",
					"\"${PODS_CONFIGURATION_BUILD_DIR}/RNLocalize\"",
					"\"${PODS_CONFIGURATION_BUILD_DIR}/RNSVG\"",
					"\"${PODS_CONFIGURATION_BUILD_DIR}/RNScreens\"",
					"\"${PODS_CONFIGURATION_BUILD_DIR}/RNSentry\"",
					"\"${PODS_CONFIGURATION_BUILD_DIR}/ReactAppDependencyProvider\"",
					"\"${PODS_CONFIGURATION_BUILD_DIR}/ReactCodegen\"",
					"\"${PODS_CONFIGURATION_BUILD_DIR}/Sentry\"",
					"\"${PODS_CONFIGURATION_BUILD_DIR}/react-native-cameraroll\"",
					"\"${PODS_CONFIGURATION_BUILD_DIR}/react-native-image-picker\"",
					"\"${PODS_CONFIGURATION_BUILD_DIR}/react-native-safe-area-context\"",
					"\"${PODS_CONFIGURATION_BUILD_DIR}/react-native-webview\"",
					"\"${TOOLCHAIN_DIR}/usr/lib/swift/${PLATFORM_NAME}\"",
					/usr/lib/swift,
				);
				MARKETING_VERSION = 0.7.1;
				OTHER_LDFLAGS = (
					"$(inherited)",
					"-ObjC",
					"-lc++",
					"-framework",
					SystemConfiguration,
					"-framework",
					Network,
					"-framework",
					Security,
				);
				PRODUCT_BUNDLE_IDENTIFIER = world.zerox1.01pilot;
				PRODUCT_NAME = Zerox1;
				PROVISIONING_PROFILE_SPECIFIER = "";
				SUPPORTED_PLATFORMS = "iphoneos iphonesimulator";
				SWIFT_COMPILATION_MODE = wholemodule;
				SWIFT_OBJC_BRIDGING_HEADER = "Zerox1/Zerox1-Bridging-Header.h";
				SWIFT_OPTIMIZATION_LEVEL = "-O";
				SWIFT_VERSION = 5.0;
				TARGETED_DEVICE_FAMILY = "1,2";
				VERSIONING_SYSTEM = "apple-generic";
			};
			name = Release;
		};
		155E82F17D75A9E503FA3491 /* Debug */ = {
			isa = XCBuildConfiguration;
			buildSettings = {
				ALWAYS_EMBED_SWIFT_STANDARD_LIBRARIES = NO;
				CLANG_ENABLE_OBJC_WEAK = NO;
				CODE_SIGN_ENTITLEMENTS = AgentLiveActivity/AgentLiveActivity.entitlements;
				CODE_SIGN_STYLE = Automatic;
				CURRENT_PROJECT_VERSION = 8;
				DEBUG_INFORMATION_FORMAT = dwarf;
				DEVELOPMENT_TEAM = 728D69ULX3;
				GENERATE_INFOPLIST_FILE = NO;
				INFOPLIST_FILE = AgentLiveActivity/Info.plist;
				IPHONEOS_DEPLOYMENT_TARGET = 15.1;
				LD_RUNPATH_SEARCH_PATHS = (
					"$(inherited)",
					"@executable_path/../../Frameworks",
				);
				MARKETING_VERSION = 0.7.1;
				PRODUCT_BUNDLE_IDENTIFIER = world.zerox1.01pilot.AgentLiveActivity;
				PRODUCT_NAME = "$(TARGET_NAME)";
				SDKROOT = iphoneos;
				SKIP_INSTALL = YES;
				SUPPORTED_PLATFORMS = "iphoneos iphonesimulator";
				SWIFT_OPTIMIZATION_LEVEL = "-Onone";
				SWIFT_VERSION = 5.0;
				TARGETED_DEVICE_FAMILY = "1,2";
			};
			name = Debug;
		};
		50C6D498181F18BAC049BBEE /* Release */ = {
			isa = XCBuildConfiguration;
			buildSettings = {
				ALWAYS_EMBED_SWIFT_STANDARD_LIBRARIES = NO;
				CLANG_ENABLE_OBJC_WEAK = NO;
				CODE_SIGN_ENTITLEMENTS = AgentLiveActivity/AgentLiveActivity.entitlements;
				CODE_SIGN_STYLE = Automatic;
				CURRENT_PROJECT_VERSION = 8;
				DEBUG_INFORMATION_FORMAT = "dwarf-with-dsym";
				DEVELOPMENT_TEAM = 728D69ULX3;
				GENERATE_INFOPLIST_FILE = NO;
				INFOPLIST_FILE = AgentLiveActivity/Info.plist;
				IPHONEOS_DEPLOYMENT_TARGET = 15.1;
				LD_RUNPATH_SEARCH_PATHS = (
					"$(inherited)",
					"@executable_path/../../Frameworks",
				);
				MARKETING_VERSION = 0.7.1;
				PRODUCT_BUNDLE_IDENTIFIER = world.zerox1.01pilot.AgentLiveActivity;
				PRODUCT_NAME = "$(TARGET_NAME)";
				SDKROOT = iphoneos;
				SKIP_INSTALL = YES;
				SUPPORTED_PLATFORMS = "iphoneos iphonesimulator";
				SWIFT_OPTIMIZATION_LEVEL = "-O";
				SWIFT_VERSION = 5.0;
				TARGETED_DEVICE_FAMILY = "1,2";
				VALIDATE_PRODUCT = YES;
			};
			name = Release;
		};
		83CBBA201A601CBA00E9B192 /* Debug */ = {
			isa = XCBuildConfiguration;
			buildSettings = {
				ALWAYS_SEARCH_USER_PATHS = NO;
				CLANG_ANALYZER_LOCALIZABILITY_NONLOCALIZED = YES;
				CLANG_CXX_LANGUAGE_STANDARD = "c++20";
				CLANG_CXX_LIBRARY = "libc++";
				CLANG_ENABLE_MODULES = YES;
				CLANG_ENABLE_OBJC_ARC = YES;
				CLANG_WARN_BLOCK_CAPTURE_AUTORELEASING = YES;
				CLANG_WARN_BOOL_CONVERSION = YES;
				CLANG_WARN_COMMA = YES;
				CLANG_WARN_CONSTANT_CONVERSION = YES;
				CLANG_WARN_DEPRECATED_OBJC_IMPLEMENTATIONS = YES;
				CLANG_WARN_DIRECT_OBJC_ISA_USAGE = YES_ERROR;
				CLANG_WARN_EMPTY_BODY = YES;
				CLANG_WARN_ENUM_CONVERSION = YES;
				CLANG_WARN_INFINITE_RECURSION = YES;
				CLANG_WARN_INT_CONVERSION = YES;
				CLANG_WARN_NON_LITERAL_NULL_CONVERSION = YES;
				CLANG_WARN_OBJC_IMPLICIT_RETAIN_SELF = YES;
				CLANG_WARN_OBJC_LITERAL_CONVERSION = YES;
				CLANG_WARN_OBJC_ROOT_CLASS = YES_ERROR;
				CLANG_WARN_QUOTED_INCLUDE_IN_FRAMEWORK_HEADER = YES;
				CLANG_WARN_RANGE_LOOP_ANALYSIS = YES;
				CLANG_WARN_STRICT_PROTOTYPES = YES;
				CLANG_WARN_SUSPICIOUS_MOVE = YES;
				CLANG_WARN_UNREACHABLE_CODE = YES;
				CLANG_WARN__DUPLICATE_METHOD_MATCH = YES;
				"CODE_SIGN_IDENTITY[sdk=iphoneos*]" = "iPhone Developer";
				COPY_PHASE_STRIP = NO;
				ENABLE_STRICT_OBJC_MSGSEND = YES;
				ENABLE_TESTABILITY = YES;
				"EXCLUDED_ARCHS[sdk=iphonesimulator*]" = "";
				GCC_C_LANGUAGE_STANDARD = gnu99;
				GCC_DYNAMIC_NO_PIC = NO;
				GCC_NO_COMMON_BLOCKS = YES;
				GCC_OPTIMIZATION_LEVEL = 0;
				GCC_PREPROCESSOR_DEFINITIONS = (
					"DEBUG=1",
					"$(inherited)",
				);
				GCC_SYMBOLS_PRIVATE_EXTERN = NO;
				GCC_WARN_64_TO_32_BIT_CONVERSION = YES;
				GCC_WARN_ABOUT_RETURN_TYPE = YES_ERROR;
				GCC_WARN_UNDECLARED_SELECTOR = YES;
				GCC_WARN_UNINITIALIZED_AUTOS = YES_AGGRESSIVE;
				GCC_WARN_UNUSED_FUNCTION = YES;
				GCC_WARN_UNUSED_VARIABLE = YES;
				IPHONEOS_DEPLOYMENT_TARGET = 15.1;
				LD_RUNPATH_SEARCH_PATHS = (
					/usr/lib/swift,
					"$(inherited)",
				);
				LIBRARY_SEARCH_PATHS = (
					"\"$(SDKROOT)/usr/lib/swift\"",
					"\"$(TOOLCHAIN_DIR)/usr/lib/swift/$(PLATFORM_NAME)\"",
					"\"$(inherited)\"",
				);
				MTL_ENABLE_DEBUG_INFO = YES;
				ONLY_ACTIVE_ARCH = YES;
				OTHER_CFLAGS = (
					"$(inherited)",
					"-DRCT_REMOVE_LEGACY_ARCH=1",
				);
				OTHER_CPLUSPLUSFLAGS = (
					"$(OTHER_CFLAGS)",
					"-DFOLLY_NO_CONFIG",
					"-DFOLLY_MOBILE=1",
					"-DFOLLY_USE_LIBCPP=1",
					"-DFOLLY_CFG_NO_COROUTINES=1",
					"-DFOLLY_HAVE_CLOCK_GETTIME=1",
					"-DRCT_REMOVE_LEGACY_ARCH=1",
				);
				REACT_NATIVE_PATH = "${PODS_ROOT}/../../node_modules/react-native";
				SDKROOT = iphoneos;
				SWIFT_ACTIVE_COMPILATION_CONDITIONS = "$(inherited) DEBUG";
				SWIFT_ENABLE_EXPLICIT_MODULES = NO;
				USE_HERMES = true;
			};
			name = Debug;
		};
		83CBBA211A601CBA00E9B192 /* Release */ = {
			isa = XCBuildConfiguration;
			buildSettings = {
				ALWAYS_SEARCH_USER_PATHS = NO;
				CLANG_ANALYZER_LOCALIZABILITY_NONLOCALIZED = YES;
				CLANG_CXX_LANGUAGE_STANDARD = "c++20";
				CLANG_CXX_LIBRARY = "libc++";
				CLANG_ENABLE_MODULES = YES;
				CLANG_ENABLE_OBJC_ARC = YES;
				CLANG_WARN_BLOCK_CAPTURE_AUTORELEASING = YES;
				CLANG_WARN_BOOL_CONVERSION = YES;
				CLANG_WARN_COMMA = YES;
				CLANG_WARN_CONSTANT_CONVERSION = YES;
				CLANG_WARN_DEPRECATED_OBJC_IMPLEMENTATIONS = YES;
				CLANG_WARN_DIRECT_OBJC_ISA_USAGE = YES_ERROR;
				CLANG_WARN_EMPTY_BODY = YES;
				CLANG_WARN_ENUM_CONVERSION = YES;
				CLANG_WARN_INFINITE_RECURSION = YES;
				CLANG_WARN_INT_CONVERSION = YES;
				CLANG_WARN_NON_LITERAL_NULL_CONVERSION = YES;
				CLANG_WARN_OBJC_IMPLICIT_RETAIN_SELF = YES;
				CLANG_WARN_OBJC_LITERAL_CONVERSION = YES;
				CLANG_WARN_OBJC_ROOT_CLASS = YES_ERROR;
				CLANG_WARN_QUOTED_INCLUDE_IN_FRAMEWORK_HEADER = YES;
				CLANG_WARN_RANGE_LOOP_ANALYSIS = YES;
				CLANG_WARN_STRICT_PROTOTYPES = YES;
				CLANG_WARN_SUSPICIOUS_MOVE = YES;
				CLANG_WARN_UNREACHABLE_CODE = YES;
				CLANG_WARN__DUPLICATE_METHOD_MATCH = YES;
				COPY_PHASE_STRIP = YES;
				ENABLE_NS_ASSERTIONS = NO;
				ENABLE_STRICT_OBJC_MSGSEND = YES;
				"EXCLUDED_ARCHS[sdk=iphonesimulator*]" = "";
				GCC_C_LANGUAGE_STANDARD = gnu99;
				GCC_NO_COMMON_BLOCKS = YES;
				GCC_WARN_64_TO_32_BIT_CONVERSION = YES;
				GCC_WARN_ABOUT_RETURN_TYPE = YES_ERROR;
				GCC_WARN_UNDECLARED_SELECTOR = YES;
				GCC_WARN_UNINITIALIZED_AUTOS = YES_AGGRESSIVE;
				GCC_WARN_UNUSED_FUNCTION = YES;
				GCC_WARN_UNUSED_VARIABLE = YES;
				IPHONEOS_DEPLOYMENT_TARGET = 15.1;
				LD_RUNPATH_SEARCH_PATHS = (
					/usr/lib/swift,
					"$(inherited)",
				);
				LIBRARY_SEARCH_PATHS = (
					"\"$(SDKROOT)/usr/lib/swift\"",
					"\"$(TOOLCHAIN_DIR)/usr/lib/swift/$(PLATFORM_NAME)\"",
					"\"$(inherited)\"",
				);
				MTL_ENABLE_DEBUG_INFO = NO;
				OTHER_CFLAGS = (
					"$(inherited)",
					"-DRCT_REMOVE_LEGACY_ARCH=1",
				);
				OTHER_CPLUSPLUSFLAGS = (
					"$(OTHER_CFLAGS)",
					"-DFOLLY_NO_CONFIG",
					"-DFOLLY_MOBILE=1",
					"-DFOLLY_USE_LIBCPP=1",
					"-DFOLLY_CFG_NO_COROUTINES=1",
					"-DFOLLY_HAVE_CLOCK_GETTIME=1",
					"-DRCT_REMOVE_LEGACY_ARCH=1",
				);
				REACT_NATIVE_PATH = "${PODS_ROOT}/../../node_modules/react-native";
				SDKROOT = iphoneos;
				SWIFT_ENABLE_EXPLICIT_MODULES = NO;
				USE_HERMES = true;
				VALIDATE_PRODUCT = YES;
			};
			name = Release;
		};
/* End XCBuildConfiguration section */

/* Begin XCConfigurationList section */
		13B07F931A680F5B00A75B9A /* Build configuration list for PBXNativeTarget "Zerox1" */ = {
			isa = XCConfigurationList;
			buildConfigurations = (
				13B07F941A680F5B00A75B9A /* Debug */,
				13B07F951A680F5B00A75B9A /* Release */,
			);
			defaultConfigurationIsVisible = 0;
			defaultConfigurationName = Release;
		};
		7B2B29D30E268A1F5E9FFCD7 /* Build configuration list for PBXNativeTarget "AgentLiveActivity" */ = {
			isa = XCConfigurationList;
			buildConfigurations = (
				50C6D498181F18BAC049BBEE /* Release */,
				155E82F17D75A9E503FA3491 /* Debug */,
			);
			defaultConfigurationIsVisible = 0;
			defaultConfigurationName = Release;
		};
		83CBB9FA1A601CBA00E9B192 /* Build configuration list for PBXProject "Zerox1" */ = {
			isa = XCConfigurationList;
			buildConfigurations = (
				83CBBA201A601CBA00E9B192 /* Debug */,
				83CBBA211A601CBA00E9B192 /* Release */,
			);
			defaultConfigurationIsVisible = 0;
			defaultConfigurationName = Release;
		};
/* End XCConfigurationList section */
	};
	rootObject = 83CBB9F71A601CBA00E9B192 /* Project object */;
}
